github.com/df-mc/dragonfly v0.6.0 h1:rqdIKtyK/y6byQwp9qtE6G++FPIEMWHQTWtuQW8e1Zk=
github.com/df-mc/dragonfly v0.6.0/go.mod h1:Z41+mculxbyubTw4pU0spDUuvuLb9pSar2VQWQgp/jI=
github.com/shamsher31/goimgext v1.0.0 h1:wFKf9GeeE0Xr6UQtliaPgYYgTju2izobM7XpCEgUCC8=
github.com/shamsher31/goimgext v1.0.0/go.mod h1:rYLKgXuTGBIaH49z+jUVSWz7gUWIZmqvYUsdvJbNNOc=
github.com/shamsher31/goimgtype v1.0.0 h1:7nmPz5GEb01sjFUojCbZJcBI68A8tmLXoCFbb5I34u4=
github.com/shamsher31/goimgtype v1.0.0/go.mod h1:OZm3NZQDbK0ezlk9IV5oq3cWQwjF1oVSxKNx19bkf64=
